
Microsoft Visual Studio Solution File, Format Version 12.00
# Visual Studio Version 17
VisualStudioVersion = 17.8.34322.80
MinimumVisualStudioVersion = 10.0.40219.1
Project("{2150E333-8FDC-42A3-9474-1A3956D46DE8}") = "Gateway", "Gateway", "{26834252-7F47-4358-883F-E74C285C8AC2}"
EndProject
Project("{2150E333-8FDC-42A3-9474-1A3956D46DE8}") = "Integration", "Integration", "{B655E253-0141-4CF0-91A1-2517FC300D5D}"
EndProject
Project("{2150E333-8FDC-42A3-9474-1A3956D46DE8}") = "Services", "Services", "{F46342C3-F2A3-4C00-82C0-00085522DE58}"
EndProject
Project("{FAE04EC0-301F-11D3-BF4B-00C04F79EFBC}") = "ShopFusion.Services.CouponAPI", "ShopFusion.Services.CouponAPI\ShopFusion.Services.CouponAPI.csproj", "{A600A7C6-E2C1-473C-BEDF-0DA4241BC60F}"
EndProject
Project("{FAE04EC0-301F-11D3-BF4B-00C04F79EFBC}") = "ShopFusion.Services.AuthAPI", "ShopFusion.Services.AuthAPI\ShopFusion.Services.AuthAPI.csproj", "{3B83D535-DB62-473A-A246-B1F090D3A785}"
EndProject
Global
	GlobalSection(SolutionConfigurationPlatforms) = preSolution
		Debug|Any CPU = Debug|Any CPU
		Release|Any CPU = Release|Any CPU
	EndGlobalSection
	GlobalSection(ProjectConfigurationPlatforms) = postSolution
		{A600A7C6-E2C1-473C-BEDF-0DA4241BC60F}.Debug|Any CPU.ActiveCfg = Debug|Any CPU
		{A600A7C6-E2C1-473C-BEDF-0DA4241BC60F}.Debug|Any CPU.Build.0 = Debug|Any CPU
		{A600A7C6-E2C1-473C-BEDF-0DA4241BC60F}.Release|Any CPU.ActiveCfg = Release|Any CPU
		{A600A7C6-E2C1-473C-BEDF-0DA4241BC60F}.Release|Any CPU.Build.0 = Release|Any CPU
		{3B83D535-DB62-473A-A246-B1F090D3A785}.Debug|Any CPU.ActiveCfg = Debug|Any CPU
		{3B83D535-DB62-473A-A246-B1F090D3A785}.Debug|Any CPU.Build.0 = Debug|Any CPU
		{3B83D535-DB62-473A-A246-B1F090D3A785}.Release|Any CPU.ActiveCfg = Release|Any CPU
		{3B83D535-DB62-473A-A246-B1F090D3A785}.Release|Any CPU.Build.0 = Release|Any CPU
	EndGlobalSection
	GlobalSection(SolutionProperties) = preSolution
		HideSolutionNode = FALSE
	EndGlobalSection
	GlobalSection(NestedProjects) = preSolution
		{A600A7C6-E2C1-473C-BEDF-0DA4241BC60F} = {F46342C3-F2A3-4C00-82C0-00085522DE58}
		{3B83D535-DB62-473A-A246-B1F090D3A785} = {F46342C3-F2A3-4C00-82C0-00085522DE58}
	EndGlobalSection
	GlobalSection(ExtensibilityGlobals) = postSolution
		SolutionGuid = {857B3683-4F22-4AB0-955B-49BDC036312E}
	EndGlobalSection
EndGlobal
